
Microsoft Visual Studio Solution File, Format Version 12.00
# Visual Studio Version 17
VisualStudioVersion = 17.9.34728.123
MinimumVisualStudioVersion = 10.0.40219.1
Project("{FAE04EC0-301F-11D3-BF4B-00C04F79EFBC}") = "PrivateWallpaper", "PrivateWallpaper\PrivateWallpaper.csproj", "{2C64BCFA-9ECA-483A-A1ED-2015F02B420F}"
EndProject
Project("{FAE04EC0-301F-11D3-BF4B-00C04F79EFBC}") = "PrivateWallpaper.AdminTask", "PrivateWallpaper.AdminTask\PrivateWallpaper.AdminTask.csproj", "{1E309A47-CF3B-4DE5-B466-889A1A2CFF9D}"
EndProject
Project("{8BC9CEB8-8B4A-11D0-8D11-00A0C91BC942}") = "BypassUAC_DLL", "BypassUAC_DLL\BypassUAC_DLL.vcxproj", "{F71A2D82-E13B-480D-8BA3-9BC167483A99}"
EndProject
Global
	GlobalSection(SolutionConfigurationPlatforms) = preSolution
		Debug|Any CPU = Debug|Any CPU
		Debug|x64 = Debug|x64
		Debug|x86 = Debug|x86
		Release|Any CPU = Release|Any CPU
		Release|x64 = Release|x64
		Release|x86 = Release|x86
	EndGlobalSection
	GlobalSection(ProjectConfigurationPlatforms) = postSolution
		{2C64BCFA-9ECA-483A-A1ED-2015F02B420F}.Debug|Any CPU.ActiveCfg = Debug|Any CPU
		{2C64BCFA-9ECA-483A-A1ED-2015F02B420F}.Debug|Any CPU.Build.0 = Debug|Any CPU
		{2C64BCFA-9ECA-483A-A1ED-2015F02B420F}.Debug|x64.ActiveCfg = Debug|Any CPU
		{2C64BCFA-9ECA-483A-A1ED-2015F02B420F}.Debug|x64.Build.0 = Debug|Any CPU
		{2C64BCFA-9ECA-483A-A1ED-2015F02B420F}.Debug|x86.ActiveCfg = Debug|Any CPU
		{2C64BCFA-9ECA-483A-A1ED-2015F02B420F}.Debug|x86.Build.0 = Debug|Any CPU
		{2C64BCFA-9ECA-483A-A1ED-2015F02B420F}.Release|Any CPU.ActiveCfg = Release|Any CPU
		{2C64BCFA-9ECA-483A-A1ED-2015F02B420F}.Release|Any CPU.Build.0 = Release|Any CPU
		{2C64BCFA-9ECA-483A-A1ED-2015F02B420F}.Release|x64.ActiveCfg = Release|Any CPU
		{2C64BCFA-9ECA-483A-A1ED-2015F02B420F}.Release|x64.Build.0 = Release|Any CPU
		{2C64BCFA-9ECA-483A-A1ED-2015F02B420F}.Release|x86.ActiveCfg = Release|Any CPU
		{2C64BCFA-9ECA-483A-A1ED-2015F02B420F}.Release|x86.Build.0 = Release|Any CPU
		{1E309A47-CF3B-4DE5-B466-889A1A2CFF9D}.Debug|Any CPU.ActiveCfg = Debug|Any CPU
		{1E309A47-CF3B-4DE5-B466-889A1A2CFF9D}.Debug|Any CPU.Build.0 = Debug|Any CPU
		{1E309A47-CF3B-4DE5-B466-889A1A2CFF9D}.Debug|x64.ActiveCfg = Debug|Any CPU
		{1E309A47-CF3B-4DE5-B466-889A1A2CFF9D}.Debug|x64.Build.0 = Debug|Any CPU
		{1E309A47-CF3B-4DE5-B466-889A1A2CFF9D}.Debug|x86.ActiveCfg = Debug|Any CPU
		{1E309A47-CF3B-4DE5-B466-889A1A2CFF9D}.Debug|x86.Build.0 = Debug|Any CPU
		{1E309A47-CF3B-4DE5-B466-889A1A2CFF9D}.Release|Any CPU.ActiveCfg = Release|Any CPU
		{1E309A47-CF3B-4DE5-B466-889A1A2CFF9D}.Release|Any CPU.Build.0 = Release|Any CPU
		{1E309A47-CF3B-4DE5-B466-889A1A2CFF9D}.Release|x64.ActiveCfg = Release|Any CPU
		{1E309A47-CF3B-4DE5-B466-889A1A2CFF9D}.Release|x64.Build.0 = Release|Any CPU
		{1E309A47-CF3B-4DE5-B466-889A1A2CFF9D}.Release|x86.ActiveCfg = Release|Any CPU
		{1E309A47-CF3B-4DE5-B466-889A1A2CFF9D}.Release|x86.Build.0 = Release|Any CPU
		{F71A2D82-E13B-480D-8BA3-9BC167483A99}.Debug|Any CPU.ActiveCfg = Debug|x64
		{F71A2D82-E13B-480D-8BA3-9BC167483A99}.Debug|Any CPU.Build.0 = Debug|x64
		{F71A2D82-E13B-480D-8BA3-9BC167483A99}.Debug|x64.ActiveCfg = Debug|x64
		{F71A2D82-E13B-480D-8BA3-9BC167483A99}.Debug|x64.Build.0 = Debug|x64
		{F71A2D82-E13B-480D-8BA3-9BC167483A99}.Debug|x86.ActiveCfg = Debug|Win32
		{F71A2D82-E13B-480D-8BA3-9BC167483A99}.Debug|x86.Build.0 = Debug|Win32
		{F71A2D82-E13B-480D-8BA3-9BC167483A99}.Release|Any CPU.ActiveCfg = Release|x64
		{F71A2D82-E13B-480D-8BA3-9BC167483A99}.Release|Any CPU.Build.0 = Release|x64
		{F71A2D82-E13B-480D-8BA3-9BC167483A99}.Release|x64.ActiveCfg = Release|x64
		{F71A2D82-E13B-480D-8BA3-9BC167483A99}.Release|x64.Build.0 = Release|x64
		{F71A2D82-E13B-480D-8BA3-9BC167483A99}.Release|x86.ActiveCfg = Release|Win32
		{F71A2D82-E13B-480D-8BA3-9BC167483A99}.Release|x86.Build.0 = Release|Win32
	EndGlobalSection
	GlobalSection(SolutionProperties) = preSolution
		HideSolutionNode = FALSE
	EndGlobalSection
	GlobalSection(ExtensibilityGlobals) = postSolution
		SolutionGuid = {F63EBC35-10AF-485D-B08B-5E6A6E5AC8C2}
	EndGlobalSection
EndGlobal
